
Microsoft Visual Studio Solution File, Format Version 12.00
# Visual Studio Version 17
VisualStudioVersion = 17.4.33122.133
MinimumVisualStudioVersion = 10.0.40219.1
Project("{FAE04EC0-301F-11D3-BF4B-00C04F79EFBC}") = "MagicVilla_API", "MagicVilla_API\MagicVilla_API.csproj", "{48648B5B-18BC-467D-AE34-22356B3FB67E}"
EndProject
Global
	GlobalSection(SolutionConfigurationPlatforms) = preSolution
		Debug|Any CPU = Debug|Any CPU
		Release|Any CPU = Release|Any CPU
	EndGlobalSection
	GlobalSection(ProjectConfigurationPlatforms) = postSolution
		{48648B5B-18BC-467D-AE34-22356B3FB67E}.Debug|Any CPU.ActiveCfg = Debug|Any CPU
		{48648B5B-18BC-467D-AE34-22356B3FB67E}.Debug|Any CPU.Build.0 = Debug|Any CPU
		{48648B5B-18BC-467D-AE34-22356B3FB67E}.Release|Any CPU.ActiveCfg = Release|Any CPU
		{48648B5B-18BC-467D-AE34-22356B3FB67E}.Release|Any CPU.Build.0 = Release|Any CPU
	EndGlobalSection
	GlobalSection(SolutionProperties) = preSolution
		HideSolutionNode = FALSE
	EndGlobalSection
	GlobalSection(ExtensibilityGlobals) = postSolution
		SolutionGuid = {6308CCD3-4E93-4845-9D85-749ECE268DAF}
	EndGlobalSection
EndGlobal
